<?xml version="1.0" encoding="utf-8"?>
<Project ToolsVersion="4.0" xmlns="http://schemas.microsoft.com/developer/msbuild/2003">
  <ItemGroup>
    <Filter Include="Header Files">
      <UniqueIdentifier>{1f326ea2-c7e6-4aa2-8f20-7d434cdc452c}</UniqueIdentifier>
    </Filter>
  </ItemGroup>
  <ItemGroup>
    <ClInclude Include="ticpp.h">
      <Filter>Header Files</Filter>
    </ClInclude>
    <ClInclude Include="ticpprc.h">
      <Filter>Header Files</Filter>
    </ClInclude>
    <ClInclude Include="tinystr.h">
      <Filter>Header Files</Filter>
    </ClInclude>
    <ClInclude Include="tinyxml.h">
      <Filter>Header Files</Filter>
    </ClInclude>
  </ItemGroup>
  <ItemGroup>
    <ClCompile Include="ticpp.cpp" />
    <ClCompile Include="tinystr.cpp" />
    <ClCompile Include="tinyxml.cpp" />
    <ClCompile Include="tinyxmlerror.cpp" />
    <ClCompile Include="tinyxmlparser.cpp" />
  </ItemGroup>
</Project>